
Microsoft Visual Studio Solution File, Format Version 12.00
# Visual Studio Version 17
VisualStudioVersion = 17.0.31903.59
MinimumVisualStudioVersion = 10.0.40219.1
Project("{FAE04EC0-301F-11D3-BF4B-00C04F79EFBC}") = "StreamingContent_Repository", "StreamingContent_Repository\StreamingContent_Repository.csproj", "{C291BB74-DD29-4A63-AD9B-0F545276E6B4}"
EndProject
Project("{FAE04EC0-301F-11D3-BF4B-00C04F79EFBC}") = "StreamingContentConsole", "StreamingContentConsole\StreamingContentConsole.csproj", "{57ECE0E2-B121-4607-ACBA-C8176223CBED}"
EndProject
Project("{FAE04EC0-301F-11D3-BF4B-00C04F79EFBC}") = "StreamingContent_Tests", "StreamingContent_Tests\StreamingContent_Tests.csproj", "{A19B0059-8C01-4C4B-806A-EFD81895B0EB}"
EndProject
Global
	GlobalSection(SolutionConfigurationPlatforms) = preSolution
		Debug|Any CPU = Debug|Any CPU
		Release|Any CPU = Release|Any CPU
	EndGlobalSection
	GlobalSection(SolutionProperties) = preSolution
		HideSolutionNode = FALSE
	EndGlobalSection
	GlobalSection(ProjectConfigurationPlatforms) = postSolution
		{C291BB74-DD29-4A63-AD9B-0F545276E6B4}.Debug|Any CPU.ActiveCfg = Debug|Any CPU
		{C291BB74-DD29-4A63-AD9B-0F545276E6B4}.Debug|Any CPU.Build.0 = Debug|Any CPU
		{C291BB74-DD29-4A63-AD9B-0F545276E6B4}.Release|Any CPU.ActiveCfg = Release|Any CPU
		{C291BB74-DD29-4A63-AD9B-0F545276E6B4}.Release|Any CPU.Build.0 = Release|Any CPU
		{57ECE0E2-B121-4607-ACBA-C8176223CBED}.Debug|Any CPU.ActiveCfg = Debug|Any CPU
		{57ECE0E2-B121-4607-ACBA-C8176223CBED}.Debug|Any CPU.Build.0 = Debug|Any CPU
		{57ECE0E2-B121-4607-ACBA-C8176223CBED}.Release|Any CPU.ActiveCfg = Release|Any CPU
		{57ECE0E2-B121-4607-ACBA-C8176223CBED}.Release|Any CPU.Build.0 = Release|Any CPU
		{A19B0059-8C01-4C4B-806A-EFD81895B0EB}.Debug|Any CPU.ActiveCfg = Debug|Any CPU
		{A19B0059-8C01-4C4B-806A-EFD81895B0EB}.Debug|Any CPU.Build.0 = Debug|Any CPU
		{A19B0059-8C01-4C4B-806A-EFD81895B0EB}.Release|Any CPU.ActiveCfg = Release|Any CPU
		{A19B0059-8C01-4C4B-806A-EFD81895B0EB}.Release|Any CPU.Build.0 = Release|Any CPU
	EndGlobalSection
EndGlobal
